PODS:
  - FlutterMacOS (1.0.0)
  - hello_rust_ffi_plugin (0.0.1)

DEPENDENCIES:
  - FlutterMacOS (from `Flutter/ephemeral`)
  - hello_rust_ffi_plugin (from `Flutter/ephemeral/.symlinks/plugins/hello_rust_ffi_plugin/macos`)

EXTERNAL SOURCES:
  FlutterMacOS:
    :path: Flutter/ephemeral
  hello_rust_ffi_plugin:
    :path: Flutter/ephemeral/.symlinks/plugins/hello_rust_ffi_plugin/macos

SPEC CHECKSUMS:
  FlutterMacOS: 8f6f14fa908a6fb3fba0cd85dbd81ec4b251fb24
  hello_rust_ffi_plugin: 68384607453c42fe5f940b30dd7a9e58f7f65840

PODFILE CHECKSUM: 236401fc2c932af29a9fcf0e97baeeb2d750d367

COCOAPODS: 1.12.1
